
Microsoft Visual Studio Solution File, Format Version 12.00
# Visual Studio Version 17
VisualStudioVersion = 17.0.31903.59
MinimumVisualStudioVersion = 10.0.40219.1
Project("{2150E333-8FDC-42A3-9474-1A3956D46DE8}") = "src", "src", "{6AA0E03D-09E6-484F-BB02-50D96633F8D0}"
EndProject
Project("{FAE04EC0-301F-11D3-BF4B-00C04F79EFBC}") = "AdventureGame.Core", "src\AdventureGame.Core\AdventureGame.Core.csproj", "{7C206994-4F14-4625-AF4B-93AB39845E10}"
EndProject
Project("{FAE04EC0-301F-11D3-BF4B-00C04F79EFBC}") = "AdventureGame.Console", "src\AdventureGame.Console\AdventureGame.Console.csproj", "{271759A5-195C-436F-B468-4AF22AB0EB66}"
EndProject
Global
	GlobalSection(SolutionConfigurationPlatforms) = preSolution
		Debug|Any CPU = Debug|Any CPU
		Release|Any CPU = Release|Any CPU
	EndGlobalSection
	GlobalSection(SolutionProperties) = preSolution
		HideSolutionNode = FALSE
	EndGlobalSection
	GlobalSection(ProjectConfigurationPlatforms) = postSolution
		{7C206994-4F14-4625-AF4B-93AB39845E10}.Debug|Any CPU.ActiveCfg = Debug|Any CPU
		{7C206994-4F14-4625-AF4B-93AB39845E10}.Debug|Any CPU.Build.0 = Debug|Any CPU
		{7C206994-4F14-4625-AF4B-93AB39845E10}.Release|Any CPU.ActiveCfg = Release|Any CPU
		{7C206994-4F14-4625-AF4B-93AB39845E10}.Release|Any CPU.Build.0 = Release|Any CPU
		{271759A5-195C-436F-B468-4AF22AB0EB66}.Debug|Any CPU.ActiveCfg = Debug|Any CPU
		{271759A5-195C-436F-B468-4AF22AB0EB66}.Debug|Any CPU.Build.0 = Debug|Any CPU
		{271759A5-195C-436F-B468-4AF22AB0EB66}.Release|Any CPU.ActiveCfg = Release|Any CPU
		{271759A5-195C-436F-B468-4AF22AB0EB66}.Release|Any CPU.Build.0 = Release|Any CPU
	EndGlobalSection
	GlobalSection(NestedProjects) = preSolution
		{7C206994-4F14-4625-AF4B-93AB39845E10} = {6AA0E03D-09E6-484F-BB02-50D96633F8D0}
		{271759A5-195C-436F-B468-4AF22AB0EB66} = {6AA0E03D-09E6-484F-BB02-50D96633F8D0}
	EndGlobalSection
EndGlobal
